
Microsoft Visual Studio Solution File, Format Version 12.00
# Visual Studio 2012
VisualStudioVersion = 12.0.30723.0
MinimumVisualStudioVersion = 10.0.40219.1
Project("{FAE04EC0-301F-11D3-BF4B-00C04F79EFBC}") = "Doctors.Android", "Doctors.Android\Doctors.Android.csproj", "{DA275DD8-D880-4713-9B8F-6A117E3CD458}"
EndProject
Project("{FAE04EC0-301F-11D3-BF4B-00C04F79EFBC}") = "Doctors.WinPhone", "Doctors.WinPhone\Doctors.WinPhone.csproj", "{ACE39E1C-F25F-4E88-BE20-C4F8D800493D}"
EndProject
Project("{FAE04EC0-301F-11D3-BF4B-00C04F79EFBC}") = "Doctors.iPhone", "Doctors.iPhone\Doctors.iPhone.csproj", "{645DC829-497C-48FA-960E-A4096FCC7D4A}"
EndProject
Project("{FAE04EC0-301F-11D3-BF4B-00C04F79EFBC}") = "Doctors", "Doctors\Doctors.csproj", "{3C302FAD-FFDF-4EF2-A295-A7C4C69C47C9}"
EndProject
Global
	GlobalSection(SolutionConfigurationPlatforms) = preSolution
		Ad-Hoc|Any CPU = Ad-Hoc|Any CPU
		Ad-Hoc|ARM = Ad-Hoc|ARM
		Ad-Hoc|iPhone = Ad-Hoc|iPhone
		Ad-Hoc|iPhoneSimulator = Ad-Hoc|iPhoneSimulator
		Ad-Hoc|Mixed Platforms = Ad-Hoc|Mixed Platforms
		Ad-Hoc|x86 = Ad-Hoc|x86
		AppStore|Any CPU = AppStore|Any CPU
		AppStore|ARM = AppStore|ARM
		AppStore|iPhone = AppStore|iPhone
		AppStore|iPhoneSimulator = AppStore|iPhoneSimulator
		AppStore|Mixed Platforms = AppStore|Mixed Platforms
		AppStore|x86 = AppStore|x86
		Debug|Any CPU = Debug|Any CPU
		Debug|ARM = Debug|ARM
		Debug|iPhone = Debug|iPhone
		Debug|iPhoneSimulator = Debug|iPhoneSimulator
		Debug|Mixed Platforms = Debug|Mixed Platforms
		Debug|x86 = Debug|x86
		Release|Any CPU = Release|Any CPU
		Release|ARM = Release|ARM
		Release|iPhone = Release|iPhone
		Release|iPhoneSimulator = Release|iPhoneSimulator
		Release|Mixed Platforms = Release|Mixed Platforms
		Release|x86 = Release|x86
	EndGlobalSection
	GlobalSection(ProjectConfigurationPlatforms) = postSolution
		{3C302FAD-FFDF-4EF2-A295-A7C4C69C47C9}.Ad-Hoc|Any CPU.ActiveCfg = Release|Any CPU
		{3C302FAD-FFDF-4EF2-A295-A7C4C69C47C9}.Ad-Hoc|Any CPU.Build.0 = Release|Any CPU
		{3C302FAD-FFDF-4EF2-A295-A7C4C69C47C9}.Ad-Hoc|ARM.ActiveCfg = Release|Any CPU
		{3C302FAD-FFDF-4EF2-A295-A7C4C69C47C9}.Ad-Hoc|iPhone.ActiveCfg = Release|Any CPU
		{3C302FAD-FFDF-4EF2-A295-A7C4C69C47C9}.Ad-Hoc|iPhoneSimulator.ActiveCfg = Release|Any CPU
		{3C302FAD-FFDF-4EF2-A295-A7C4C69C47C9}.Ad-Hoc|Mixed Platforms.ActiveCfg = Release|Any CPU
		{3C302FAD-FFDF-4EF2-A295-A7C4C69C47C9}.Ad-Hoc|Mixed Platforms.Build.0 = Release|Any CPU
		{3C302FAD-FFDF-4EF2-A295-A7C4C69C47C9}.Ad-Hoc|x86.ActiveCfg = Release|Any CPU
		{3C302FAD-FFDF-4EF2-A295-A7C4C69C47C9}.AppStore|Any CPU.ActiveCfg = Release|Any CPU
		{3C302FAD-FFDF-4EF2-A295-A7C4C69C47C9}.AppStore|Any CPU.Build.0 = Release|Any CPU
		{3C302FAD-FFDF-4EF2-A295-A7C4C69C47C9}.AppStore|ARM.ActiveCfg = Release|Any CPU
		{3C302FAD-FFDF-4EF2-A295-A7C4C69C47C9}.AppStore|iPhone.ActiveCfg = Release|Any CPU
		{3C302FAD-FFDF-4EF2-A295-A7C4C69C47C9}.AppStore|iPhoneSimulator.ActiveCfg = Release|Any CPU
		{3C302FAD-FFDF-4EF2-A295-A7C4C69C47C9}.AppStore|Mixed Platforms.ActiveCfg = Release|Any CPU
		{3C302FAD-FFDF-4EF2-A295-A7C4C69C47C9}.AppStore|Mixed Platforms.Build.0 = Release|Any CPU
		{3C302FAD-FFDF-4EF2-A295-A7C4C69C47C9}.AppStore|x86.ActiveCfg = Release|Any CPU
		{3C302FAD-FFDF-4EF2-A295-A7C4C69C47C9}.Debug|Any CPU.ActiveCfg = Debug|Any CPU
		{3C302FAD-FFDF-4EF2-A295-A7C4C69C47C9}.Debug|Any CPU.Build.0 = Debug|Any CPU
		{3C302FAD-FFDF-4EF2-A295-A7C4C69C47C9}.Debug|ARM.ActiveCfg = Debug|Any CPU
		{3C302FAD-FFDF-4EF2-A295-A7C4C69C47C9}.Debug|iPhone.ActiveCfg = Debug|Any CPU
		{3C302FAD-FFDF-4EF2-A295-A7C4C69C47C9}.Debug|iPhoneSimulator.ActiveCfg = Debug|Any CPU
		{3C302FAD-FFDF-4EF2-A295-A7C4C69C47C9}.Debug|Mixed Platforms.ActiveCfg = Debug|Any CPU
		{3C302FAD-FFDF-4EF2-A295-A7C4C69C47C9}.Debug|Mixed Platforms.Build.0 = Debug|Any CPU
		{3C302FAD-FFDF-4EF2-A295-A7C4C69C47C9}.Debug|x86.ActiveCfg = Debug|Any CPU
		{3C302FAD-FFDF-4EF2-A295-A7C4C69C47C9}.Release|Any CPU.ActiveCfg = Release|Any CPU
		{3C302FAD-FFDF-4EF2-A295-A7C4C69C47C9}.Release|Any CPU.Build.0 = Release|Any CPU
		{3C302FAD-FFDF-4EF2-A295-A7C4C69C47C9}.Release|ARM.ActiveCfg = Release|Any CPU
		{3C302FAD-FFDF-4EF2-A295-A7C4C69C47C9}.Release|iPhone.ActiveCfg = Release|Any CPU
		{3C302FAD-FFDF-4EF2-A295-A7C4C69C47C9}.Release|iPhoneSimulator.ActiveCfg = Release|Any CPU
		{3C302FAD-FFDF-4EF2-A295-A7C4C69C47C9}.Release|Mixed Platforms.ActiveCfg = Release|Any CPU
		{3C302FAD-FFDF-4EF2-A295-A7C4C69C47C9}.Release|Mixed Platforms.Build.0 = Release|Any CPU
		{3C302FAD-FFDF-4EF2-A295-A7C4C69C47C9}.Release|x86.ActiveCfg = Release|Any CPU
		{645DC829-497C-48FA-960E-A4096FCC7D4A}.Ad-Hoc|Any CPU.ActiveCfg = Ad-Hoc|iPhone
		{645DC829-497C-48FA-960E-A4096FCC7D4A}.Ad-Hoc|ARM.ActiveCfg = Ad-Hoc|iPhone
		{645DC829-497C-48FA-960E-A4096FCC7D4A}.Ad-Hoc|iPhone.ActiveCfg = Ad-Hoc|iPhone
		{645DC829-497C-48FA-960E-A4096FCC7D4A}.Ad-Hoc|iPhone.Build.0 = Ad-Hoc|iPhone
		{645DC829-497C-48FA-960E-A4096FCC7D4A}.Ad-Hoc|iPhone.Deploy.0 = Ad-Hoc|iPhone
		{645DC829-497C-48FA-960E-A4096FCC7D4A}.Ad-Hoc|iPhoneSimulator.ActiveCfg = Ad-Hoc|iPhoneSimulator
		{645DC829-497C-48FA-960E-A4096FCC7D4A}.Ad-Hoc|iPhoneSimulator.Build.0 = Ad-Hoc|iPhoneSimulator
		{645DC829-497C-48FA-960E-A4096FCC7D4A}.Ad-Hoc|iPhoneSimulator.Deploy.0 = Ad-Hoc|iPhoneSimulator
		{645DC829-497C-48FA-960E-A4096FCC7D4A}.Ad-Hoc|Mixed Platforms.ActiveCfg = Ad-Hoc|iPhone
		{645DC829-497C-48FA-960E-A4096FCC7D4A}.Ad-Hoc|Mixed Platforms.Build.0 = Ad-Hoc|iPhone
		{645DC829-497C-48FA-960E-A4096FCC7D4A}.Ad-Hoc|Mixed Platforms.Deploy.0 = Ad-Hoc|iPhone
		{645DC829-497C-48FA-960E-A4096FCC7D4A}.Ad-Hoc|x86.ActiveCfg = Ad-Hoc|iPhone
		{645DC829-497C-48FA-960E-A4096FCC7D4A}.AppStore|Any CPU.ActiveCfg = AppStore|iPhone
		{645DC829-497C-48FA-960E-A4096FCC7D4A}.AppStore|ARM.ActiveCfg = AppStore|iPhone
		{645DC829-497C-48FA-960E-A4096FCC7D4A}.AppStore|iPhone.ActiveCfg = AppStore|iPhone
		{645DC829-497C-48FA-960E-A4096FCC7D4A}.AppStore|iPhone.Build.0 = AppStore|iPhone
		{645DC829-497C-48FA-960E-A4096FCC7D4A}.AppStore|iPhone.Deploy.0 = AppStore|iPhone
		{645DC829-497C-48FA-960E-A4096FCC7D4A}.AppStore|iPhoneSimulator.ActiveCfg = AppStore|iPhoneSimulator
		{645DC829-497C-48FA-960E-A4096FCC7D4A}.AppStore|iPhoneSimulator.Build.0 = AppStore|iPhoneSimulator
		{645DC829-497C-48FA-960E-A4096FCC7D4A}.AppStore|iPhoneSimulator.Deploy.0 = AppStore|iPhoneSimulator
		{645DC829-497C-48FA-960E-A4096FCC7D4A}.AppStore|Mixed Platforms.ActiveCfg = AppStore|iPhone
		{645DC829-497C-48FA-960E-A4096FCC7D4A}.AppStore|Mixed Platforms.Build.0 = AppStore|iPhone
		{645DC829-497C-48FA-960E-A4096FCC7D4A}.AppStore|Mixed Platforms.Deploy.0 = AppStore|iPhone
		{645DC829-497C-48FA-960E-A4096FCC7D4A}.AppStore|x86.ActiveCfg = AppStore|iPhone
		{645DC829-497C-48FA-960E-A4096FCC7D4A}.Debug|Any CPU.ActiveCfg = Debug|iPhoneSimulator
		{645DC829-497C-48FA-960E-A4096FCC7D4A}.Debug|Any CPU.Build.0 = Debug|iPhoneSimulator
		{645DC829-497C-48FA-960E-A4096FCC7D4A}.Debug|ARM.ActiveCfg = Debug|iPhone
		{645DC829-497C-48FA-960E-A4096FCC7D4A}.Debug|iPhone.ActiveCfg = Debug|iPhone
		{645DC829-497C-48FA-960E-A4096FCC7D4A}.Debug|iPhone.Build.0 = Debug|iPhone
		{645DC829-497C-48FA-960E-A4096FCC7D4A}.Debug|iPhone.Deploy.0 = Debug|iPhone
		{645DC829-497C-48FA-960E-A4096FCC7D4A}.Debug|iPhoneSimulator.ActiveCfg = Debug|iPhoneSimulator
		{645DC829-497C-48FA-960E-A4096FCC7D4A}.Debug|iPhoneSimulator.Build.0 = Debug|iPhoneSimulator
		{645DC829-497C-48FA-960E-A4096FCC7D4A}.Debug|iPhoneSimulator.Deploy.0 = Debug|iPhoneSimulator
		{645DC829-497C-48FA-960E-A4096FCC7D4A}.Debug|Mixed Platforms.ActiveCfg = Debug|iPhoneSimulator
		{645DC829-497C-48FA-960E-A4096FCC7D4A}.Debug|Mixed Platforms.Build.0 = Debug|iPhoneSimulator
		{645DC829-497C-48FA-960E-A4096FCC7D4A}.Debug|Mixed Platforms.Deploy.0 = Debug|iPhoneSimulator
		{645DC829-497C-48FA-960E-A4096FCC7D4A}.Debug|x86.ActiveCfg = Debug|iPhone
		{645DC829-497C-48FA-960E-A4096FCC7D4A}.Release|Any CPU.ActiveCfg = Release|iPhone
		{645DC829-497C-48FA-960E-A4096FCC7D4A}.Release|ARM.ActiveCfg = Release|iPhone
		{645DC829-497C-48FA-960E-A4096FCC7D4A}.Release|iPhone.ActiveCfg = Release|iPhone
		{645DC829-497C-48FA-960E-A4096FCC7D4A}.Release|iPhone.Build.0 = Release|iPhone
		{645DC829-497C-48FA-960E-A4096FCC7D4A}.Release|iPhone.Deploy.0 = Release|iPhone
		{645DC829-497C-48FA-960E-A4096FCC7D4A}.Release|iPhoneSimulator.ActiveCfg = Release|iPhoneSimulator
		{645DC829-497C-48FA-960E-A4096FCC7D4A}.Release|iPhoneSimulator.Build.0 = Release|iPhoneSimulator
		{645DC829-497C-48FA-960E-A4096FCC7D4A}.Release|iPhoneSimulator.Deploy.0 = Release|iPhoneSimulator
		{645DC829-497C-48FA-960E-A4096FCC7D4A}.Release|Mixed Platforms.ActiveCfg = Release|iPhone
		{645DC829-497C-48FA-960E-A4096FCC7D4A}.Release|Mixed Platforms.Build.0 = Release|iPhone
		{645DC829-497C-48FA-960E-A4096FCC7D4A}.Release|Mixed Platforms.Deploy.0 = Release|iPhone
		{645DC829-497C-48FA-960E-A4096FCC7D4A}.Release|x86.ActiveCfg = Release|iPhone
		{ACE39E1C-F25F-4E88-BE20-C4F8D800493D}.Ad-Hoc|Any CPU.ActiveCfg = Release|Any CPU
		{ACE39E1C-F25F-4E88-BE20-C4F8D800493D}.Ad-Hoc|Any CPU.Build.0 = Release|Any CPU
		{ACE39E1C-F25F-4E88-BE20-C4F8D800493D}.Ad-Hoc|Any CPU.Deploy.0 = Release|Any CPU
		{ACE39E1C-F25F-4E88-BE20-C4F8D800493D}.Ad-Hoc|ARM.ActiveCfg = Release|ARM
		{ACE39E1C-F25F-4E88-BE20-C4F8D800493D}.Ad-Hoc|ARM.Build.0 = Release|ARM
		{ACE39E1C-F25F-4E88-BE20-C4F8D800493D}.Ad-Hoc|ARM.Deploy.0 = Release|ARM
		{ACE39E1C-F25F-4E88-BE20-C4F8D800493D}.Ad-Hoc|iPhone.ActiveCfg = Release|Any CPU
		{ACE39E1C-F25F-4E88-BE20-C4F8D800493D}.Ad-Hoc|iPhoneSimulator.ActiveCfg = Release|Any CPU
		{ACE39E1C-F25F-4E88-BE20-C4F8D800493D}.Ad-Hoc|Mixed Platforms.ActiveCfg = Release|x86
		{ACE39E1C-F25F-4E88-BE20-C4F8D800493D}.Ad-Hoc|Mixed Platforms.Build.0 = Release|x86
		{ACE39E1C-F25F-4E88-BE20-C4F8D800493D}.Ad-Hoc|Mixed Platforms.Deploy.0 = Release|x86
		{ACE39E1C-F25F-4E88-BE20-C4F8D800493D}.Ad-Hoc|x86.ActiveCfg = Release|x86
		{ACE39E1C-F25F-4E88-BE20-C4F8D800493D}.Ad-Hoc|x86.Build.0 = Release|x86
		{ACE39E1C-F25F-4E88-BE20-C4F8D800493D}.Ad-Hoc|x86.Deploy.0 = Release|x86
		{ACE39E1C-F25F-4E88-BE20-C4F8D800493D}.AppStore|Any CPU.ActiveCfg = Release|Any CPU
		{ACE39E1C-F25F-4E88-BE20-C4F8D800493D}.AppStore|Any CPU.Build.0 = Release|Any CPU
		{ACE39E1C-F25F-4E88-BE20-C4F8D800493D}.AppStore|Any CPU.Deploy.0 = Release|Any CPU
		{ACE39E1C-F25F-4E88-BE20-C4F8D800493D}.AppStore|ARM.ActiveCfg = Release|ARM
		{ACE39E1C-F25F-4E88-BE20-C4F8D800493D}.AppStore|ARM.Build.0 = Release|ARM
		{ACE39E1C-F25F-4E88-BE20-C4F8D800493D}.AppStore|ARM.Deploy.0 = Release|ARM
		{ACE39E1C-F25F-4E88-BE20-C4F8D800493D}.AppStore|iPhone.ActiveCfg = Release|Any CPU
		{ACE39E1C-F25F-4E88-BE20-C4F8D800493D}.AppStore|iPhoneSimulator.ActiveCfg = Release|Any CPU
		{ACE39E1C-F25F-4E88-BE20-C4F8D800493D}.AppStore|Mixed Platforms.ActiveCfg = Release|x86
		{ACE39E1C-F25F-4E88-BE20-C4F8D800493D}.AppStore|Mixed Platforms.Build.0 = Release|x86
		{ACE39E1C-F25F-4E88-BE20-C4F8D800493D}.AppStore|Mixed Platforms.Deploy.0 = Release|x86
		{ACE39E1C-F25F-4E88-BE20-C4F8D800493D}.AppStore|x86.ActiveCfg = Release|x86
		{ACE39E1C-F25F-4E88-BE20-C4F8D800493D}.AppStore|x86.Build.0 = Release|x86
		{ACE39E1C-F25F-4E88-BE20-C4F8D800493D}.AppStore|x86.Deploy.0 = Release|x86
		{ACE39E1C-F25F-4E88-BE20-C4F8D800493D}.Debug|Any CPU.ActiveCfg = Debug|Any CPU
		{ACE39E1C-F25F-4E88-BE20-C4F8D800493D}.Debug|Any CPU.Build.0 = Debug|Any CPU
		{ACE39E1C-F25F-4E88-BE20-C4F8D800493D}.Debug|Any CPU.Deploy.0 = Debug|Any CPU
		{ACE39E1C-F25F-4E88-BE20-C4F8D800493D}.Debug|ARM.ActiveCfg = Debug|ARM
		{ACE39E1C-F25F-4E88-BE20-C4F8D800493D}.Debug|ARM.Build.0 = Debug|ARM
		{ACE39E1C-F25F-4E88-BE20-C4F8D800493D}.Debug|ARM.Deploy.0 = Debug|ARM
		{ACE39E1C-F25F-4E88-BE20-C4F8D800493D}.Debug|iPhone.ActiveCfg = Debug|Any CPU
		{ACE39E1C-F25F-4E88-BE20-C4F8D800493D}.Debug|iPhoneSimulator.ActiveCfg = Debug|Any CPU
		{ACE39E1C-F25F-4E88-BE20-C4F8D800493D}.Debug|Mixed Platforms.ActiveCfg = Debug|x86
		{ACE39E1C-F25F-4E88-BE20-C4F8D800493D}.Debug|Mixed Platforms.Build.0 = Debug|x86
		{ACE39E1C-F25F-4E88-BE20-C4F8D800493D}.Debug|Mixed Platforms.Deploy.0 = Debug|x86
		{ACE39E1C-F25F-4E88-BE20-C4F8D800493D}.Debug|x86.ActiveCfg = Debug|x86
		{ACE39E1C-F25F-4E88-BE20-C4F8D800493D}.Debug|x86.Build.0 = Debug|x86
		{ACE39E1C-F25F-4E88-BE20-C4F8D800493D}.Debug|x86.Deploy.0 = Debug|x86
		{ACE39E1C-F25F-4E88-BE20-C4F8D800493D}.Release|Any CPU.ActiveCfg = Release|Any CPU
		{ACE39E1C-F25F-4E88-BE20-C4F8D800493D}.Release|Any CPU.Build.0 = Release|Any CPU
		{ACE39E1C-F25F-4E88-BE20-C4F8D800493D}.Release|Any CPU.Deploy.0 = Release|Any CPU
		{ACE39E1C-F25F-4E88-BE20-C4F8D800493D}.Release|ARM.ActiveCfg = Release|ARM
		{ACE39E1C-F25F-4E88-BE20-C4F8D800493D}.Release|ARM.Build.0 = Release|ARM
		{ACE39E1C-F25F-4E88-BE20-C4F8D800493D}.Release|ARM.Deploy.0 = Release|ARM
		{ACE39E1C-F25F-4E88-BE20-C4F8D800493D}.Release|iPhone.ActiveCfg = Release|Any CPU
		{ACE39E1C-F25F-4E88-BE20-C4F8D800493D}.Release|iPhoneSimulator.ActiveCfg = Release|Any CPU
		{ACE39E1C-F25F-4E88-BE20-C4F8D800493D}.Release|Mixed Platforms.ActiveCfg = Release|x86
		{ACE39E1C-F25F-4E88-BE20-C4F8D800493D}.Release|Mixed Platforms.Build.0 = Release|x86
		{ACE39E1C-F25F-4E88-BE20-C4F8D800493D}.Release|Mixed Platforms.Deploy.0 = Release|x86
		{ACE39E1C-F25F-4E88-BE20-C4F8D800493D}.Release|x86.ActiveCfg = Release|x86
		{ACE39E1C-F25F-4E88-BE20-C4F8D800493D}.Release|x86.Build.0 = Release|x86
		{ACE39E1C-F25F-4E88-BE20-C4F8D800493D}.Release|x86.Deploy.0 = Release|x86
		{DA275DD8-D880-4713-9B8F-6A117E3CD458}.Ad-Hoc|Any CPU.ActiveCfg = Release|Any CPU
		{DA275DD8-D880-4713-9B8F-6A117E3CD458}.Ad-Hoc|Any CPU.Build.0 = Release|Any CPU
		{DA275DD8-D880-4713-9B8F-6A117E3CD458}.Ad-Hoc|Any CPU.Deploy.0 = Release|Any CPU
		{DA275DD8-D880-4713-9B8F-6A117E3CD458}.Ad-Hoc|ARM.ActiveCfg = Release|Any CPU
		{DA275DD8-D880-4713-9B8F-6A117E3CD458}.Ad-Hoc|iPhone.ActiveCfg = Release|Any CPU
		{DA275DD8-D880-4713-9B8F-6A117E3CD458}.Ad-Hoc|iPhoneSimulator.ActiveCfg = Release|Any CPU
		{DA275DD8-D880-4713-9B8F-6A117E3CD458}.Ad-Hoc|Mixed Platforms.ActiveCfg = Release|Any CPU
		{DA275DD8-D880-4713-9B8F-6A117E3CD458}.Ad-Hoc|Mixed Platforms.Build.0 = Release|Any CPU
		{DA275DD8-D880-4713-9B8F-6A117E3CD458}.Ad-Hoc|Mixed Platforms.Deploy.0 = Release|Any CPU
		{DA275DD8-D880-4713-9B8F-6A117E3CD458}.Ad-Hoc|x86.ActiveCfg = Release|Any CPU
		{DA275DD8-D880-4713-9B8F-6A117E3CD458}.AppStore|Any CPU.ActiveCfg = Release|Any CPU
		{DA275DD8-D880-4713-9B8F-6A117E3CD458}.AppStore|Any CPU.Build.0 = Release|Any CPU
		{DA275DD8-D880-4713-9B8F-6A117E3CD458}.AppStore|Any CPU.Deploy.0 = Release|Any CPU
		{DA275DD8-D880-4713-9B8F-6A117E3CD458}.AppStore|ARM.ActiveCfg = Release|Any CPU
		{DA275DD8-D880-4713-9B8F-6A117E3CD458}.AppStore|iPhone.ActiveCfg = Release|Any CPU
		{DA275DD8-D880-4713-9B8F-6A117E3CD458}.AppStore|iPhoneSimulator.ActiveCfg = Release|Any CPU
		{DA275DD8-D880-4713-9B8F-6A117E3CD458}.AppStore|Mixed Platforms.ActiveCfg = Release|Any CPU
		{DA275DD8-D880-4713-9B8F-6A117E3CD458}.AppStore|Mixed Platforms.Build.0 = Release|Any CPU
		{DA275DD8-D880-4713-9B8F-6A117E3CD458}.AppStore|Mixed Platforms.Deploy.0 = Release|Any CPU
		{DA275DD8-D880-4713-9B8F-6A117E3CD458}.AppStore|x86.ActiveCfg = Release|Any CPU
		{DA275DD8-D880-4713-9B8F-6A117E3CD458}.Debug|Any CPU.ActiveCfg = Debug|Any CPU
		{DA275DD8-D880-4713-9B8F-6A117E3CD458}.Debug|Any CPU.Deploy.0 = Debug|Any CPU
		{DA275DD8-D880-4713-9B8F-6A117E3CD458}.Debug|ARM.ActiveCfg = Debug|Any CPU
		{DA275DD8-D880-4713-9B8F-6A117E3CD458}.Debug|iPhone.ActiveCfg = Debug|Any CPU
		{DA275DD8-D880-4713-9B8F-6A117E3CD458}.Debug|iPhoneSimulator.ActiveCfg = Debug|Any CPU
		{DA275DD8-D880-4713-9B8F-6A117E3CD458}.Debug|Mixed Platforms.ActiveCfg = Debug|Any CPU
		{DA275DD8-D880-4713-9B8F-6A117E3CD458}.Debug|Mixed Platforms.Build.0 = Debug|Any CPU
		{DA275DD8-D880-4713-9B8F-6A117E3CD458}.Debug|Mixed Platforms.Deploy.0 = Debug|Any CPU
		{DA275DD8-D880-4713-9B8F-6A117E3CD458}.Debug|x86.ActiveCfg = Debug|Any CPU
		{DA275DD8-D880-4713-9B8F-6A117E3CD458}.Release|Any CPU.ActiveCfg = Release|Any CPU
		{DA275DD8-D880-4713-9B8F-6A117E3CD458}.Release|Any CPU.Build.0 = Release|Any CPU
		{DA275DD8-D880-4713-9B8F-6A117E3CD458}.Release|Any CPU.Deploy.0 = Release|Any CPU
		{DA275DD8-D880-4713-9B8F-6A117E3CD458}.Release|ARM.ActiveCfg = Release|Any CPU
		{DA275DD8-D880-4713-9B8F-6A117E3CD458}.Release|iPhone.ActiveCfg = Release|Any CPU
		{DA275DD8-D880-4713-9B8F-6A117E3CD458}.Release|iPhoneSimulator.ActiveCfg = Release|Any CPU
		{DA275DD8-D880-4713-9B8F-6A117E3CD458}.Release|Mixed Platforms.ActiveCfg = Release|Any CPU
		{DA275DD8-D880-4713-9B8F-6A117E3CD458}.Release|Mixed Platforms.Build.0 = Release|Any CPU
		{DA275DD8-D880-4713-9B8F-6A117E3CD458}.Release|Mixed Platforms.Deploy.0 = Release|Any CPU
		{DA275DD8-D880-4713-9B8F-6A117E3CD458}.Release|x86.ActiveCfg = Release|Any CPU
	EndGlobalSection
	GlobalSection(MonoDevelopProperties) = preSolution
		StartupItem = Doctors.iPhone\Doctors.iPhone.csproj
	EndGlobalSection
	GlobalSection(SolutionProperties) = preSolution
		HideSolutionNode = FALSE
	EndGlobalSection
EndGlobal
