
Microsoft Visual Studio Solution File, Format Version 12.00
# Visual Studio 2013
VisualStudioVersion = 12.0.30723.0
MinimumVisualStudioVersion = 10.0.40219.1
Project("{FAE04EC0-301F-11D3-BF4B-00C04F79EFBC}") = "DoctorXF", "DoctorXF\DoctorXF\DoctorXF.csproj", "{2C7C0192-D31D-4458-86BC-CF1096A7E7AB}"
EndProject
Project("{FAE04EC0-301F-11D3-BF4B-00C04F79EFBC}") = "DoctorXF.iOS", "DoctorXF\DoctorXF.iOS\DoctorXF.iOS.csproj", "{BBFE81AD-8B62-4A0E-B1AA-C5AE5FA6E8E0}"
EndProject
Project("{FAE04EC0-301F-11D3-BF4B-00C04F79EFBC}") = "DoctorXF.Android", "DoctorXF\DoctorXF.Android\DoctorXF.Android.csproj", "{9BC3D304-EC4D-4D4B-9CAE-CC247D238B4B}"
EndProject
Project("{FAE04EC0-301F-11D3-BF4B-00C04F79EFBC}") = "DoctorXF.WinPhone", "DoctorXF\DoctorXF.WinPhone\DoctorXF.WinPhone.csproj", "{22D1F429-571B-43D2-B7DE-81B09C6812AE}"
EndProject
Global
	GlobalSection(SolutionConfigurationPlatforms) = preSolution
		Ad-Hoc|Any CPU = Ad-Hoc|Any CPU
		Ad-Hoc|ARM = Ad-Hoc|ARM
		Ad-Hoc|iPhone = Ad-Hoc|iPhone
		Ad-Hoc|iPhoneSimulator = Ad-Hoc|iPhoneSimulator
		Ad-Hoc|Mixed Platforms = Ad-Hoc|Mixed Platforms
		Ad-Hoc|x86 = Ad-Hoc|x86
		AppStore|Any CPU = AppStore|Any CPU
		AppStore|ARM = AppStore|ARM
		AppStore|iPhone = AppStore|iPhone
		AppStore|iPhoneSimulator = AppStore|iPhoneSimulator
		AppStore|Mixed Platforms = AppStore|Mixed Platforms
		AppStore|x86 = AppStore|x86
		Debug|Any CPU = Debug|Any CPU
		Debug|ARM = Debug|ARM
		Debug|iPhone = Debug|iPhone
		Debug|iPhoneSimulator = Debug|iPhoneSimulator
		Debug|Mixed Platforms = Debug|Mixed Platforms
		Debug|x86 = Debug|x86
		Release|Any CPU = Release|Any CPU
		Release|ARM = Release|ARM
		Release|iPhone = Release|iPhone
		Release|iPhoneSimulator = Release|iPhoneSimulator
		Release|Mixed Platforms = Release|Mixed Platforms
		Release|x86 = Release|x86
	EndGlobalSection
	GlobalSection(ProjectConfigurationPlatforms) = postSolution
		{2C7C0192-D31D-4458-86BC-CF1096A7E7AB}.Ad-Hoc|Any CPU.ActiveCfg = Release|Any CPU
		{2C7C0192-D31D-4458-86BC-CF1096A7E7AB}.Ad-Hoc|Any CPU.Build.0 = Release|Any CPU
		{2C7C0192-D31D-4458-86BC-CF1096A7E7AB}.Ad-Hoc|ARM.ActiveCfg = Release|Any CPU
		{2C7C0192-D31D-4458-86BC-CF1096A7E7AB}.Ad-Hoc|iPhone.ActiveCfg = Release|Any CPU
		{2C7C0192-D31D-4458-86BC-CF1096A7E7AB}.Ad-Hoc|iPhoneSimulator.ActiveCfg = Release|Any CPU
		{2C7C0192-D31D-4458-86BC-CF1096A7E7AB}.Ad-Hoc|Mixed Platforms.ActiveCfg = Release|Any CPU
		{2C7C0192-D31D-4458-86BC-CF1096A7E7AB}.Ad-Hoc|Mixed Platforms.Build.0 = Release|Any CPU
		{2C7C0192-D31D-4458-86BC-CF1096A7E7AB}.Ad-Hoc|x86.ActiveCfg = Release|Any CPU
		{2C7C0192-D31D-4458-86BC-CF1096A7E7AB}.AppStore|Any CPU.ActiveCfg = Release|Any CPU
		{2C7C0192-D31D-4458-86BC-CF1096A7E7AB}.AppStore|Any CPU.Build.0 = Release|Any CPU
		{2C7C0192-D31D-4458-86BC-CF1096A7E7AB}.AppStore|ARM.ActiveCfg = Release|Any CPU
		{2C7C0192-D31D-4458-86BC-CF1096A7E7AB}.AppStore|iPhone.ActiveCfg = Release|Any CPU
		{2C7C0192-D31D-4458-86BC-CF1096A7E7AB}.AppStore|iPhoneSimulator.ActiveCfg = Release|Any CPU
		{2C7C0192-D31D-4458-86BC-CF1096A7E7AB}.AppStore|Mixed Platforms.ActiveCfg = Release|Any CPU
		{2C7C0192-D31D-4458-86BC-CF1096A7E7AB}.AppStore|Mixed Platforms.Build.0 = Release|Any CPU
		{2C7C0192-D31D-4458-86BC-CF1096A7E7AB}.AppStore|x86.ActiveCfg = Release|Any CPU
		{2C7C0192-D31D-4458-86BC-CF1096A7E7AB}.Debug|Any CPU.ActiveCfg = Debug|Any CPU
		{2C7C0192-D31D-4458-86BC-CF1096A7E7AB}.Debug|Any CPU.Build.0 = Debug|Any CPU
		{2C7C0192-D31D-4458-86BC-CF1096A7E7AB}.Debug|ARM.ActiveCfg = Debug|Any CPU
		{2C7C0192-D31D-4458-86BC-CF1096A7E7AB}.Debug|iPhone.ActiveCfg = Debug|Any CPU
		{2C7C0192-D31D-4458-86BC-CF1096A7E7AB}.Debug|iPhoneSimulator.ActiveCfg = Debug|Any CPU
		{2C7C0192-D31D-4458-86BC-CF1096A7E7AB}.Debug|Mixed Platforms.ActiveCfg = Debug|Any CPU
		{2C7C0192-D31D-4458-86BC-CF1096A7E7AB}.Debug|Mixed Platforms.Build.0 = Debug|Any CPU
		{2C7C0192-D31D-4458-86BC-CF1096A7E7AB}.Debug|x86.ActiveCfg = Debug|Any CPU
		{2C7C0192-D31D-4458-86BC-CF1096A7E7AB}.Release|Any CPU.ActiveCfg = Release|Any CPU
		{2C7C0192-D31D-4458-86BC-CF1096A7E7AB}.Release|Any CPU.Build.0 = Release|Any CPU
		{2C7C0192-D31D-4458-86BC-CF1096A7E7AB}.Release|ARM.ActiveCfg = Release|Any CPU
		{2C7C0192-D31D-4458-86BC-CF1096A7E7AB}.Release|iPhone.ActiveCfg = Release|Any CPU
		{2C7C0192-D31D-4458-86BC-CF1096A7E7AB}.Release|iPhoneSimulator.ActiveCfg = Release|Any CPU
		{2C7C0192-D31D-4458-86BC-CF1096A7E7AB}.Release|Mixed Platforms.ActiveCfg = Release|Any CPU
		{2C7C0192-D31D-4458-86BC-CF1096A7E7AB}.Release|Mixed Platforms.Build.0 = Release|Any CPU
		{2C7C0192-D31D-4458-86BC-CF1096A7E7AB}.Release|x86.ActiveCfg = Release|Any CPU
		{BBFE81AD-8B62-4A0E-B1AA-C5AE5FA6E8E0}.Ad-Hoc|Any CPU.ActiveCfg = Ad-Hoc|iPhone
		{BBFE81AD-8B62-4A0E-B1AA-C5AE5FA6E8E0}.Ad-Hoc|ARM.ActiveCfg = Ad-Hoc|iPhone
		{BBFE81AD-8B62-4A0E-B1AA-C5AE5FA6E8E0}.Ad-Hoc|iPhone.ActiveCfg = Ad-Hoc|iPhone
		{BBFE81AD-8B62-4A0E-B1AA-C5AE5FA6E8E0}.Ad-Hoc|iPhone.Build.0 = Ad-Hoc|iPhone
		{BBFE81AD-8B62-4A0E-B1AA-C5AE5FA6E8E0}.Ad-Hoc|iPhoneSimulator.ActiveCfg = Ad-Hoc|iPhoneSimulator
		{BBFE81AD-8B62-4A0E-B1AA-C5AE5FA6E8E0}.Ad-Hoc|iPhoneSimulator.Build.0 = Ad-Hoc|iPhoneSimulator
		{BBFE81AD-8B62-4A0E-B1AA-C5AE5FA6E8E0}.Ad-Hoc|Mixed Platforms.ActiveCfg = Ad-Hoc|iPhone
		{BBFE81AD-8B62-4A0E-B1AA-C5AE5FA6E8E0}.Ad-Hoc|Mixed Platforms.Build.0 = Ad-Hoc|iPhone
		{BBFE81AD-8B62-4A0E-B1AA-C5AE5FA6E8E0}.Ad-Hoc|x86.ActiveCfg = Ad-Hoc|iPhone
		{BBFE81AD-8B62-4A0E-B1AA-C5AE5FA6E8E0}.AppStore|Any CPU.ActiveCfg = AppStore|iPhone
		{BBFE81AD-8B62-4A0E-B1AA-C5AE5FA6E8E0}.AppStore|ARM.ActiveCfg = AppStore|iPhone
		{BBFE81AD-8B62-4A0E-B1AA-C5AE5FA6E8E0}.AppStore|iPhone.ActiveCfg = AppStore|iPhone
		{BBFE81AD-8B62-4A0E-B1AA-C5AE5FA6E8E0}.AppStore|iPhone.Build.0 = AppStore|iPhone
		{BBFE81AD-8B62-4A0E-B1AA-C5AE5FA6E8E0}.AppStore|iPhoneSimulator.ActiveCfg = AppStore|iPhoneSimulator
		{BBFE81AD-8B62-4A0E-B1AA-C5AE5FA6E8E0}.AppStore|iPhoneSimulator.Build.0 = AppStore|iPhoneSimulator
		{BBFE81AD-8B62-4A0E-B1AA-C5AE5FA6E8E0}.AppStore|Mixed Platforms.ActiveCfg = AppStore|iPhone
		{BBFE81AD-8B62-4A0E-B1AA-C5AE5FA6E8E0}.AppStore|Mixed Platforms.Build.0 = AppStore|iPhone
		{BBFE81AD-8B62-4A0E-B1AA-C5AE5FA6E8E0}.AppStore|x86.ActiveCfg = AppStore|iPhone
		{BBFE81AD-8B62-4A0E-B1AA-C5AE5FA6E8E0}.Debug|Any CPU.ActiveCfg = Debug|iPhone
		{BBFE81AD-8B62-4A0E-B1AA-C5AE5FA6E8E0}.Debug|ARM.ActiveCfg = Debug|iPhone
		{BBFE81AD-8B62-4A0E-B1AA-C5AE5FA6E8E0}.Debug|iPhone.ActiveCfg = Debug|iPhone
		{BBFE81AD-8B62-4A0E-B1AA-C5AE5FA6E8E0}.Debug|iPhone.Build.0 = Debug|iPhone
		{BBFE81AD-8B62-4A0E-B1AA-C5AE5FA6E8E0}.Debug|iPhoneSimulator.ActiveCfg = Debug|iPhoneSimulator
		{BBFE81AD-8B62-4A0E-B1AA-C5AE5FA6E8E0}.Debug|iPhoneSimulator.Build.0 = Debug|iPhoneSimulator
		{BBFE81AD-8B62-4A0E-B1AA-C5AE5FA6E8E0}.Debug|Mixed Platforms.ActiveCfg = Debug|iPhoneSimulator
		{BBFE81AD-8B62-4A0E-B1AA-C5AE5FA6E8E0}.Debug|Mixed Platforms.Build.0 = Debug|iPhoneSimulator
		{BBFE81AD-8B62-4A0E-B1AA-C5AE5FA6E8E0}.Debug|Mixed Platforms.Deploy.0 = Debug|iPhoneSimulator
		{BBFE81AD-8B62-4A0E-B1AA-C5AE5FA6E8E0}.Debug|x86.ActiveCfg = Debug|iPhone
		{BBFE81AD-8B62-4A0E-B1AA-C5AE5FA6E8E0}.Release|Any CPU.ActiveCfg = Release|iPhone
		{BBFE81AD-8B62-4A0E-B1AA-C5AE5FA6E8E0}.Release|ARM.ActiveCfg = Release|iPhone
		{BBFE81AD-8B62-4A0E-B1AA-C5AE5FA6E8E0}.Release|iPhone.ActiveCfg = Release|iPhone
		{BBFE81AD-8B62-4A0E-B1AA-C5AE5FA6E8E0}.Release|iPhone.Build.0 = Release|iPhone
		{BBFE81AD-8B62-4A0E-B1AA-C5AE5FA6E8E0}.Release|iPhoneSimulator.ActiveCfg = Release|iPhoneSimulator
		{BBFE81AD-8B62-4A0E-B1AA-C5AE5FA6E8E0}.Release|iPhoneSimulator.Build.0 = Release|iPhoneSimulator
		{BBFE81AD-8B62-4A0E-B1AA-C5AE5FA6E8E0}.Release|Mixed Platforms.ActiveCfg = Release|iPhone
		{BBFE81AD-8B62-4A0E-B1AA-C5AE5FA6E8E0}.Release|Mixed Platforms.Build.0 = Release|iPhone
		{BBFE81AD-8B62-4A0E-B1AA-C5AE5FA6E8E0}.Release|x86.ActiveCfg = Release|iPhone
		{9BC3D304-EC4D-4D4B-9CAE-CC247D238B4B}.Ad-Hoc|Any CPU.ActiveCfg = Release|Any CPU
		{9BC3D304-EC4D-4D4B-9CAE-CC247D238B4B}.Ad-Hoc|Any CPU.Build.0 = Release|Any CPU
		{9BC3D304-EC4D-4D4B-9CAE-CC247D238B4B}.Ad-Hoc|Any CPU.Deploy.0 = Release|Any CPU
		{9BC3D304-EC4D-4D4B-9CAE-CC247D238B4B}.Ad-Hoc|ARM.ActiveCfg = Release|Any CPU
		{9BC3D304-EC4D-4D4B-9CAE-CC247D238B4B}.Ad-Hoc|iPhone.ActiveCfg = Release|Any CPU
		{9BC3D304-EC4D-4D4B-9CAE-CC247D238B4B}.Ad-Hoc|iPhoneSimulator.ActiveCfg = Release|Any CPU
		{9BC3D304-EC4D-4D4B-9CAE-CC247D238B4B}.Ad-Hoc|Mixed Platforms.ActiveCfg = Release|Any CPU
		{9BC3D304-EC4D-4D4B-9CAE-CC247D238B4B}.Ad-Hoc|Mixed Platforms.Build.0 = Release|Any CPU
		{9BC3D304-EC4D-4D4B-9CAE-CC247D238B4B}.Ad-Hoc|Mixed Platforms.Deploy.0 = Release|Any CPU
		{9BC3D304-EC4D-4D4B-9CAE-CC247D238B4B}.Ad-Hoc|x86.ActiveCfg = Release|Any CPU
		{9BC3D304-EC4D-4D4B-9CAE-CC247D238B4B}.AppStore|Any CPU.ActiveCfg = Release|Any CPU
		{9BC3D304-EC4D-4D4B-9CAE-CC247D238B4B}.AppStore|Any CPU.Build.0 = Release|Any CPU
		{9BC3D304-EC4D-4D4B-9CAE-CC247D238B4B}.AppStore|Any CPU.Deploy.0 = Release|Any CPU
		{9BC3D304-EC4D-4D4B-9CAE-CC247D238B4B}.AppStore|ARM.ActiveCfg = Release|Any CPU
		{9BC3D304-EC4D-4D4B-9CAE-CC247D238B4B}.AppStore|iPhone.ActiveCfg = Release|Any CPU
		{9BC3D304-EC4D-4D4B-9CAE-CC247D238B4B}.AppStore|iPhoneSimulator.ActiveCfg = Release|Any CPU
		{9BC3D304-EC4D-4D4B-9CAE-CC247D238B4B}.AppStore|Mixed Platforms.ActiveCfg = Release|Any CPU
		{9BC3D304-EC4D-4D4B-9CAE-CC247D238B4B}.AppStore|Mixed Platforms.Build.0 = Release|Any CPU
		{9BC3D304-EC4D-4D4B-9CAE-CC247D238B4B}.AppStore|Mixed Platforms.Deploy.0 = Release|Any CPU
		{9BC3D304-EC4D-4D4B-9CAE-CC247D238B4B}.AppStore|x86.ActiveCfg = Release|Any CPU
		{9BC3D304-EC4D-4D4B-9CAE-CC247D238B4B}.Debug|Any CPU.ActiveCfg = Debug|Any CPU
		{9BC3D304-EC4D-4D4B-9CAE-CC247D238B4B}.Debug|Any CPU.Build.0 = Debug|Any CPU
		{9BC3D304-EC4D-4D4B-9CAE-CC247D238B4B}.Debug|Any CPU.Deploy.0 = Debug|Any CPU
		{9BC3D304-EC4D-4D4B-9CAE-CC247D238B4B}.Debug|ARM.ActiveCfg = Debug|Any CPU
		{9BC3D304-EC4D-4D4B-9CAE-CC247D238B4B}.Debug|iPhone.ActiveCfg = Debug|Any CPU
		{9BC3D304-EC4D-4D4B-9CAE-CC247D238B4B}.Debug|iPhoneSimulator.ActiveCfg = Debug|Any CPU
		{9BC3D304-EC4D-4D4B-9CAE-CC247D238B4B}.Debug|Mixed Platforms.ActiveCfg = Debug|Any CPU
		{9BC3D304-EC4D-4D4B-9CAE-CC247D238B4B}.Debug|Mixed Platforms.Build.0 = Debug|Any CPU
		{9BC3D304-EC4D-4D4B-9CAE-CC247D238B4B}.Debug|Mixed Platforms.Deploy.0 = Debug|Any CPU
		{9BC3D304-EC4D-4D4B-9CAE-CC247D238B4B}.Debug|x86.ActiveCfg = Debug|Any CPU
		{9BC3D304-EC4D-4D4B-9CAE-CC247D238B4B}.Release|Any CPU.ActiveCfg = Release|Any CPU
		{9BC3D304-EC4D-4D4B-9CAE-CC247D238B4B}.Release|Any CPU.Build.0 = Release|Any CPU
		{9BC3D304-EC4D-4D4B-9CAE-CC247D238B4B}.Release|Any CPU.Deploy.0 = Release|Any CPU
		{9BC3D304-EC4D-4D4B-9CAE-CC247D238B4B}.Release|ARM.ActiveCfg = Release|Any CPU
		{9BC3D304-EC4D-4D4B-9CAE-CC247D238B4B}.Release|iPhone.ActiveCfg = Release|Any CPU
		{9BC3D304-EC4D-4D4B-9CAE-CC247D238B4B}.Release|iPhoneSimulator.ActiveCfg = Release|Any CPU
		{9BC3D304-EC4D-4D4B-9CAE-CC247D238B4B}.Release|Mixed Platforms.ActiveCfg = Release|Any CPU
		{9BC3D304-EC4D-4D4B-9CAE-CC247D238B4B}.Release|Mixed Platforms.Build.0 = Release|Any CPU
		{9BC3D304-EC4D-4D4B-9CAE-CC247D238B4B}.Release|Mixed Platforms.Deploy.0 = Release|Any CPU
		{9BC3D304-EC4D-4D4B-9CAE-CC247D238B4B}.Release|x86.ActiveCfg = Release|Any CPU
		{22D1F429-571B-43D2-B7DE-81B09C6812AE}.Ad-Hoc|Any CPU.ActiveCfg = Release|Any CPU
		{22D1F429-571B-43D2-B7DE-81B09C6812AE}.Ad-Hoc|Any CPU.Build.0 = Release|Any CPU
		{22D1F429-571B-43D2-B7DE-81B09C6812AE}.Ad-Hoc|Any CPU.Deploy.0 = Release|Any CPU
		{22D1F429-571B-43D2-B7DE-81B09C6812AE}.Ad-Hoc|ARM.ActiveCfg = Release|ARM
		{22D1F429-571B-43D2-B7DE-81B09C6812AE}.Ad-Hoc|ARM.Build.0 = Release|ARM
		{22D1F429-571B-43D2-B7DE-81B09C6812AE}.Ad-Hoc|ARM.Deploy.0 = Release|ARM
		{22D1F429-571B-43D2-B7DE-81B09C6812AE}.Ad-Hoc|iPhone.ActiveCfg = Release|Any CPU
		{22D1F429-571B-43D2-B7DE-81B09C6812AE}.Ad-Hoc|iPhoneSimulator.ActiveCfg = Release|Any CPU
		{22D1F429-571B-43D2-B7DE-81B09C6812AE}.Ad-Hoc|Mixed Platforms.ActiveCfg = Release|x86
		{22D1F429-571B-43D2-B7DE-81B09C6812AE}.Ad-Hoc|Mixed Platforms.Build.0 = Release|x86
		{22D1F429-571B-43D2-B7DE-81B09C6812AE}.Ad-Hoc|Mixed Platforms.Deploy.0 = Release|x86
		{22D1F429-571B-43D2-B7DE-81B09C6812AE}.Ad-Hoc|x86.ActiveCfg = Release|x86
		{22D1F429-571B-43D2-B7DE-81B09C6812AE}.Ad-Hoc|x86.Build.0 = Release|x86
		{22D1F429-571B-43D2-B7DE-81B09C6812AE}.Ad-Hoc|x86.Deploy.0 = Release|x86
		{22D1F429-571B-43D2-B7DE-81B09C6812AE}.AppStore|Any CPU.ActiveCfg = Release|Any CPU
		{22D1F429-571B-43D2-B7DE-81B09C6812AE}.AppStore|Any CPU.Build.0 = Release|Any CPU
		{22D1F429-571B-43D2-B7DE-81B09C6812AE}.AppStore|Any CPU.Deploy.0 = Release|Any CPU
		{22D1F429-571B-43D2-B7DE-81B09C6812AE}.AppStore|ARM.ActiveCfg = Release|ARM
		{22D1F429-571B-43D2-B7DE-81B09C6812AE}.AppStore|ARM.Build.0 = Release|ARM
		{22D1F429-571B-43D2-B7DE-81B09C6812AE}.AppStore|ARM.Deploy.0 = Release|ARM
		{22D1F429-571B-43D2-B7DE-81B09C6812AE}.AppStore|iPhone.ActiveCfg = Release|Any CPU
		{22D1F429-571B-43D2-B7DE-81B09C6812AE}.AppStore|iPhoneSimulator.ActiveCfg = Release|Any CPU
		{22D1F429-571B-43D2-B7DE-81B09C6812AE}.AppStore|Mixed Platforms.ActiveCfg = Release|x86
		{22D1F429-571B-43D2-B7DE-81B09C6812AE}.AppStore|Mixed Platforms.Build.0 = Release|x86
		{22D1F429-571B-43D2-B7DE-81B09C6812AE}.AppStore|Mixed Platforms.Deploy.0 = Release|x86
		{22D1F429-571B-43D2-B7DE-81B09C6812AE}.AppStore|x86.ActiveCfg = Release|x86
		{22D1F429-571B-43D2-B7DE-81B09C6812AE}.AppStore|x86.Build.0 = Release|x86
		{22D1F429-571B-43D2-B7DE-81B09C6812AE}.AppStore|x86.Deploy.0 = Release|x86
		{22D1F429-571B-43D2-B7DE-81B09C6812AE}.Debug|Any CPU.ActiveCfg = Debug|Any CPU
		{22D1F429-571B-43D2-B7DE-81B09C6812AE}.Debug|Any CPU.Build.0 = Debug|Any CPU
		{22D1F429-571B-43D2-B7DE-81B09C6812AE}.Debug|Any CPU.Deploy.0 = Debug|Any CPU
		{22D1F429-571B-43D2-B7DE-81B09C6812AE}.Debug|ARM.ActiveCfg = Debug|ARM
		{22D1F429-571B-43D2-B7DE-81B09C6812AE}.Debug|ARM.Build.0 = Debug|ARM
		{22D1F429-571B-43D2-B7DE-81B09C6812AE}.Debug|ARM.Deploy.0 = Debug|ARM
		{22D1F429-571B-43D2-B7DE-81B09C6812AE}.Debug|iPhone.ActiveCfg = Debug|Any CPU
		{22D1F429-571B-43D2-B7DE-81B09C6812AE}.Debug|iPhoneSimulator.ActiveCfg = Debug|Any CPU
		{22D1F429-571B-43D2-B7DE-81B09C6812AE}.Debug|Mixed Platforms.ActiveCfg = Debug|x86
		{22D1F429-571B-43D2-B7DE-81B09C6812AE}.Debug|Mixed Platforms.Build.0 = Debug|x86
		{22D1F429-571B-43D2-B7DE-81B09C6812AE}.Debug|Mixed Platforms.Deploy.0 = Debug|x86
		{22D1F429-571B-43D2-B7DE-81B09C6812AE}.Debug|x86.ActiveCfg = Debug|x86
		{22D1F429-571B-43D2-B7DE-81B09C6812AE}.Debug|x86.Build.0 = Debug|x86
		{22D1F429-571B-43D2-B7DE-81B09C6812AE}.Debug|x86.Deploy.0 = Debug|x86
		{22D1F429-571B-43D2-B7DE-81B09C6812AE}.Release|Any CPU.ActiveCfg = Release|Any CPU
		{22D1F429-571B-43D2-B7DE-81B09C6812AE}.Release|Any CPU.Build.0 = Release|Any CPU
		{22D1F429-571B-43D2-B7DE-81B09C6812AE}.Release|Any CPU.Deploy.0 = Release|Any CPU
		{22D1F429-571B-43D2-B7DE-81B09C6812AE}.Release|ARM.ActiveCfg = Release|ARM
		{22D1F429-571B-43D2-B7DE-81B09C6812AE}.Release|ARM.Build.0 = Release|ARM
		{22D1F429-571B-43D2-B7DE-81B09C6812AE}.Release|ARM.Deploy.0 = Release|ARM
		{22D1F429-571B-43D2-B7DE-81B09C6812AE}.Release|iPhone.ActiveCfg = Release|Any CPU
		{22D1F429-571B-43D2-B7DE-81B09C6812AE}.Release|iPhoneSimulator.ActiveCfg = Release|Any CPU
		{22D1F429-571B-43D2-B7DE-81B09C6812AE}.Release|Mixed Platforms.ActiveCfg = Release|x86
		{22D1F429-571B-43D2-B7DE-81B09C6812AE}.Release|Mixed Platforms.Build.0 = Release|x86
		{22D1F429-571B-43D2-B7DE-81B09C6812AE}.Release|Mixed Platforms.Deploy.0 = Release|x86
		{22D1F429-571B-43D2-B7DE-81B09C6812AE}.Release|x86.ActiveCfg = Release|x86
		{22D1F429-571B-43D2-B7DE-81B09C6812AE}.Release|x86.Build.0 = Release|x86
		{22D1F429-571B-43D2-B7DE-81B09C6812AE}.Release|x86.Deploy.0 = Release|x86
	EndGlobalSection
	GlobalSection(SolutionProperties) = preSolution
		HideSolutionNode = FALSE
	EndGlobalSection
EndGlobal
